
Microsoft Visual Studio Solution File, Format Version 12.00
# Visual Studio Version 16
VisualStudioVersion = 16.0.30320.27
MinimumVisualStudioVersion = 10.0.40219.1
Project("{9A19103F-16F7-4668-BE54-9A1E7A4F7556}") = "TelegramBotIQ", "TelegramBotIQ\TelegramBotIQ.csproj", "{BD335912-CBA6-44A6-90F4-525CAACBBE26}"
EndProject
Project("{9A19103F-16F7-4668-BE54-9A1E7A4F7556}") = "WeatherAPI", "WeatherAPI\WeatherAPI.csproj", "{74A7A843-99D9-49AD-902A-FD9DB74BD8E4}"
EndProject
Project("{9A19103F-16F7-4668-BE54-9A1E7A4F7556}") = "ValuteAPI", "ValuteAPI\ValuteAPI.csproj", "{1D8F612D-4309-43C7-9D8E-5644FAAB4DA9}"
EndProject
Project("{FAE04EC0-301F-11D3-BF4B-00C04F79EFBC}") = "MovieAPI", "MovieAPI\MovieAPI.csproj", "{29D8B2AB-C8B0-4F15-9ACB-8FA2627A8B2C}"
EndProject
Project("{FAE04EC0-301F-11D3-BF4B-00C04F79EFBC}") = "ConvertPDF", "ConvertPDF\ConvertPDF.csproj", "{BCCCF46A-46B0-4C89-98A1-FF125615E378}"
EndProject
Global
	GlobalSection(SolutionConfigurationPlatforms) = preSolution
		Debug|Any CPU = Debug|Any CPU
		Release|Any CPU = Release|Any CPU
	EndGlobalSection
	GlobalSection(ProjectConfigurationPlatforms) = postSolution
		{BD335912-CBA6-44A6-90F4-525CAACBBE26}.Debug|Any CPU.ActiveCfg = Debug|Any CPU
		{BD335912-CBA6-44A6-90F4-525CAACBBE26}.Debug|Any CPU.Build.0 = Debug|Any CPU
		{BD335912-CBA6-44A6-90F4-525CAACBBE26}.Release|Any CPU.ActiveCfg = Release|Any CPU
		{BD335912-CBA6-44A6-90F4-525CAACBBE26}.Release|Any CPU.Build.0 = Release|Any CPU
		{74A7A843-99D9-49AD-902A-FD9DB74BD8E4}.Debug|Any CPU.ActiveCfg = Debug|Any CPU
		{74A7A843-99D9-49AD-902A-FD9DB74BD8E4}.Debug|Any CPU.Build.0 = Debug|Any CPU
		{74A7A843-99D9-49AD-902A-FD9DB74BD8E4}.Release|Any CPU.ActiveCfg = Release|Any CPU
		{74A7A843-99D9-49AD-902A-FD9DB74BD8E4}.Release|Any CPU.Build.0 = Release|Any CPU
		{1D8F612D-4309-43C7-9D8E-5644FAAB4DA9}.Debug|Any CPU.ActiveCfg = Debug|Any CPU
		{1D8F612D-4309-43C7-9D8E-5644FAAB4DA9}.Debug|Any CPU.Build.0 = Debug|Any CPU
		{1D8F612D-4309-43C7-9D8E-5644FAAB4DA9}.Release|Any CPU.ActiveCfg = Release|Any CPU
		{1D8F612D-4309-43C7-9D8E-5644FAAB4DA9}.Release|Any CPU.Build.0 = Release|Any CPU
		{29D8B2AB-C8B0-4F15-9ACB-8FA2627A8B2C}.Debug|Any CPU.ActiveCfg = Debug|Any CPU
		{29D8B2AB-C8B0-4F15-9ACB-8FA2627A8B2C}.Debug|Any CPU.Build.0 = Debug|Any CPU
		{29D8B2AB-C8B0-4F15-9ACB-8FA2627A8B2C}.Release|Any CPU.ActiveCfg = Release|Any CPU
		{29D8B2AB-C8B0-4F15-9ACB-8FA2627A8B2C}.Release|Any CPU.Build.0 = Release|Any CPU
		{BCCCF46A-46B0-4C89-98A1-FF125615E378}.Debug|Any CPU.ActiveCfg = Debug|Any CPU
		{BCCCF46A-46B0-4C89-98A1-FF125615E378}.Debug|Any CPU.Build.0 = Debug|Any CPU
		{BCCCF46A-46B0-4C89-98A1-FF125615E378}.Release|Any CPU.ActiveCfg = Release|Any CPU
		{BCCCF46A-46B0-4C89-98A1-FF125615E378}.Release|Any CPU.Build.0 = Release|Any CPU
	EndGlobalSection
	GlobalSection(SolutionProperties) = preSolution
		HideSolutionNode = FALSE
	EndGlobalSection
	GlobalSection(ExtensibilityGlobals) = postSolution
		SolutionGuid = {C99D359F-D3E4-47D5-A807-E8361FE442CD}
	EndGlobalSection
EndGlobal
